
Microsoft Visual Studio Solution File, Format Version 12.00
# Visual Studio 14
VisualStudioVersion = 14.0.23107.0
MinimumVisualStudioVersion = 10.0.40219.1
Project("{FAE04EC0-301F-11D3-BF4B-00C04F79EFBC}") = "agregaUsuario", "agregaUsuario\agregaUsuario.csproj", "{8462CCFA-3E7B-4450-8062-5349765121EB}"
EndProject
Project("{2150E333-8FDC-42A3-9474-1A3956D46DE8}") = "Model", "Model", "{D94F9B8D-6B7D-444A-A011-CD1CB9DD79AF}"
EndProject
Project("{8BB2217D-0F2D-49D1-97BC-3654ED321F3B}") = "Common", "Common\Common.xproj", "{81FE760B-5D87-41A1-9896-4D0A7335CFD8}"
EndProject
Global
	GlobalSection(SolutionConfigurationPlatforms) = preSolution
		Debug|Any CPU = Debug|Any CPU
		Release|Any CPU = Release|Any CPU
	EndGlobalSection
	GlobalSection(ProjectConfigurationPlatforms) = postSolution
		{8462CCFA-3E7B-4450-8062-5349765121EB}.Debug|Any CPU.ActiveCfg = Debug|Any CPU
		{8462CCFA-3E7B-4450-8062-5349765121EB}.Debug|Any CPU.Build.0 = Debug|Any CPU
		{8462CCFA-3E7B-4450-8062-5349765121EB}.Release|Any CPU.ActiveCfg = Release|Any CPU
		{8462CCFA-3E7B-4450-8062-5349765121EB}.Release|Any CPU.Build.0 = Release|Any CPU
		{81FE760B-5D87-41A1-9896-4D0A7335CFD8}.Debug|Any CPU.ActiveCfg = Debug|Any CPU
		{81FE760B-5D87-41A1-9896-4D0A7335CFD8}.Debug|Any CPU.Build.0 = Debug|Any CPU
		{81FE760B-5D87-41A1-9896-4D0A7335CFD8}.Release|Any CPU.ActiveCfg = Release|Any CPU
		{81FE760B-5D87-41A1-9896-4D0A7335CFD8}.Release|Any CPU.Build.0 = Release|Any CPU
	EndGlobalSection
	GlobalSection(SolutionProperties) = preSolution
		HideSolutionNode = FALSE
	EndGlobalSection
EndGlobal
